
Microsoft Visual Studio Solution File, Format Version 12.00
# Visual Studio Version 17
VisualStudioVersion = 17.4.33122.133
MinimumVisualStudioVersion = 10.0.40219.1
Project("{FAE04EC0-301F-11D3-BF4B-00C04F79EFBC}") = "Aula25deJaneiro", "Aula25deJaneiro.csproj", "{18C08257-06F8-48B0-A327-0F97B391BC0F}"
EndProject
Global
	GlobalSection(SolutionConfigurationPlatforms) = preSolution
		Debug|Any CPU = Debug|Any CPU
		Release|Any CPU = Release|Any CPU
	EndGlobalSection
	GlobalSection(ProjectConfigurationPlatforms) = postSolution
		{18C08257-06F8-48B0-A327-0F97B391BC0F}.Debug|Any CPU.ActiveCfg = Debug|Any CPU
		{18C08257-06F8-48B0-A327-0F97B391BC0F}.Debug|Any CPU.Build.0 = Debug|Any CPU
		{18C08257-06F8-48B0-A327-0F97B391BC0F}.Release|Any CPU.ActiveCfg = Release|Any CPU
		{18C08257-06F8-48B0-A327-0F97B391BC0F}.Release|Any CPU.Build.0 = Release|Any CPU
	EndGlobalSection
	GlobalSection(SolutionProperties) = preSolution
		HideSolutionNode = FALSE
	EndGlobalSection
	GlobalSection(ExtensibilityGlobals) = postSolution
		SolutionGuid = {403FE02D-CFA5-4DE1-A84A-0E1110B1C344}
	EndGlobalSection
EndGlobal
